// !$*UTF8*$!
{
	archiveVersion = 1;
	classes = {
	};
	objectVersion = 77;
	objects = {

/* Begin PBXBuildFile section */
		034256713F4A4B1C5389EB99 /* InitSheetView.swift in Sources */ = {isa = PBXBuildFile; fileRef = EDF1E559044FBEEDD8FBB180 /* InitSheetView.swift */; platformFilters = (macos, ); };
		066348EEF1E9E22B44507986 /* GuideReader.swift in Sources */ = {isa = PBXBuildFile; fileRef = 1B5C68F1762AE0ED6284C1FB /* GuideReader.swift */; platformFilters = (macos, ); };
		157129890D1A3B79ABF3BB1A /* GuideConflictView.swift in Sources */ = {isa = PBXBuildFile; fileRef = B5B86E6820B9D752F18548D4 /* GuideConflictView.swift */; platformFilters = (macos, ); };
		1880CFB51BAA6076D0DBDB25 /* GuideVersionSheet.swift in Sources */ = {isa = PBXBuildFile; fileRef = 24E0447C0C3D3564FA361133 /* GuideVersionSheet.swift */; platformFilters = (macos, ); };
		1B152AC5393D77BCB3C9C238 /* InitPathStackRow.swift in Sources */ = {isa = PBXBuildFile; fileRef = 7B5F681EF62D7092B4EB128F /* InitPathStackRow.swift */; platformFilters = (macos, ); };
		26E1CB786EC452F721D1A251 /* NanumSquareRoundR.ttf in Resources */ = {isa = PBXBuildFile; fileRef = A2D3AC30512B9F9DFB6DC540 /* NanumSquareRoundR.ttf */; };
		2AD411287EF1574FAF303695 /* ProjectTable.swift in Sources */ = {isa = PBXBuildFile; fileRef = D1C3491F0AD321EA7D4856FD /* ProjectTable.swift */; platformFilters = (macos, ); };
		2BF7A1111F6FD51BD017BD1F /* InitFields.swift in Sources */ = {isa = PBXBuildFile; fileRef = 60588B3D4D8F4FFA5A1DE9AE /* InitFields.swift */; platformFilters = (macos, ); };
		302718CFFF0EBCE13D5CDA0C /* NanumSquareRoundL.ttf in Resources */ = {isa = PBXBuildFile; fileRef = 147DD09BAE6889ACD4D2B038 /* NanumSquareRoundL.ttf */; };
		31AEACD74CFCC273C5B3249C /* GuideInspector.swift in Sources */ = {isa = PBXBuildFile; fileRef = 3C30269DEA92A22D30679441 /* GuideInspector.swift */; platformFilters = (macos, ); };
		381513581A9C9D901D66CE33 /* CardInspector.swift in Sources */ = {isa = PBXBuildFile; fileRef = 156FAE3D89B42EB90C338012 /* CardInspector.swift */; platformFilters = (macos, ); };
		39A9696D87266887CD68F06F /* GuideEmptyView.swift in Sources */ = {isa = PBXBuildFile; fileRef = 94EBAFA75014DA1B1767C2DE /* GuideEmptyView.swift */; platformFilters = (macos, ); };
		39D19E54F546D79E86A631EB /* ActiveWorkRowView.swift in Sources */ = {isa = PBXBuildFile; fileRef = 513714242E8675B19C5134DA /* ActiveWorkRowView.swift */; platformFilters = (macos, ); };
		3A87FFFFB3F47A87FD8DF0D9 /* GuideMonitor.swift in Sources */ = {isa = PBXBuildFile; fileRef = F7B2D45D42FB21487B5942FA /* GuideMonitor.swift */; platformFilters = (macos, ); };
		40B9BBAE36C499828E03B0CF /* WaypointKit in Frameworks */ = {isa = PBXBuildFile; productRef = 40BCBD52B88D9C65C146385E /* WaypointKit */; };
		417ADEC51642A897722BF325 /* CardDetailHeader.swift in Sources */ = {isa = PBXBuildFile; fileRef = 8BF6E481CC8CB742C64E4F3A /* CardDetailHeader.swift */; platformFilters = (macos, ); };
		4286870FC1F3EFFDE22CFC42 /* CardInspectorLists.swift in Sources */ = {isa = PBXBuildFile; fileRef = 1F3B60D09C1EDAC5EC81AA0E /* CardInspectorLists.swift */; platformFilters = (macos, ); };
		483766829586C4679EAE620E /* CardInspectorSections.swift in Sources */ = {isa = PBXBuildFile; fileRef = 9F453B89102C767601AB4A40 /* CardInspectorSections.swift */; platformFilters = (macos, ); };
		4B847A801B308B9C66568B32 /* SidebarProjectParts.swift in Sources */ = {isa = PBXBuildFile; fileRef = CA3ED573EF850C456FF91A39 /* SidebarProjectParts.swift */; platformFilters = (macos, ); };
		4BD20823006EE49D488348A7 /* LiveDot.swift in Sources */ = {isa = PBXBuildFile; fileRef = B9DAD89B809522AC369D3FCB /* LiveDot.swift */; };
		4C601A00D505476E11D1D7A7 /* ActiveWorkTable.swift in Sources */ = {isa = PBXBuildFile; fileRef = FA032F9625A0461F3B07231C /* ActiveWorkTable.swift */; platformFilters = (macos, ); };
		4DAAB619BA15440C409EC1FC /* Theme.swift in Sources */ = {isa = PBXBuildFile; fileRef = 2EF3CC91475AFCB54D6E49BE /* Theme.swift */; };
		64DA885EA5000630F5FE0452 /* ProjectBoardView.swift in Sources */ = {isa = PBXBuildFile; fileRef = B3905FDAF71CEBAF40695A08 /* ProjectBoardView.swift */; platformFilters = (macos, ); };
		6BF8F5047D1E0882C2152162 /* InitChecklists.swift in Sources */ = {isa = PBXBuildFile; fileRef = A55C4D1900BA2387763F86D8 /* InitChecklists.swift */; platformFilters = (macos, ); };
		786DE851725A294441A17554 /* MarkdownBlockView.swift in Sources */ = {isa = PBXBuildFile; fileRef = 7589B21E222DC5DBB867A617 /* MarkdownBlockView.swift */; platformFilters = (macos, ); };
		791BC9EBA655D7FA9A07B763 /* GuideAddMenu.swift in Sources */ = {isa = PBXBuildFile; fileRef = F9707BBA1A140671895B23A3 /* GuideAddMenu.swift */; platformFilters = (macos, ); };
		7BCF4AB93F95F3EC62939D07 /* RecentEventRow.swift in Sources */ = {isa = PBXBuildFile; fileRef = 10953BB751280167D0C7C35D /* RecentEventRow.swift */; platformFilters = (macos, ); };
		8228932BCA3E371ABBA655AC /* NanumSquareRoundB.ttf in Resources */ = {isa = PBXBuildFile; fileRef = 7579DAE684178D0E8821A0EE /* NanumSquareRoundB.ttf */; };
		8DDDF628EB44D6378567C942 /* CardDetailView.swift in Sources */ = {isa = PBXBuildFile; fileRef = 3F79E43D0AD5525DEAADCE1F /* CardDetailView.swift */; platformFilters = (macos, ); };
		8FB4F0D5D0ED1AC61437B10E /* MarkdownInline.swift in Sources */ = {isa = PBXBuildFile; fileRef = 087B3204C74D79283C85C13B /* MarkdownInline.swift */; platformFilters = (macos, ); };
		918DC6BAC3856EA398646C6E /* CardCriteriaView.swift in Sources */ = {isa = PBXBuildFile; fileRef = 5A86041D8ABF749C806E93C1 /* CardCriteriaView.swift */; platformFilters = (macos, ); };
		9257097A562C6AC262C6FCD6 /* DashboardView.swift in Sources */ = {isa = PBXBuildFile; fileRef = 0D73CD7F0A23DD2E40382BE8 /* DashboardView.swift */; platformFilters = (macos, ); };
		96E1CBB3E7DA3EA349350AEA /* FontRegistry.swift in Sources */ = {isa = PBXBuildFile; fileRef = A34DEBE029DF6C711921EBEC /* FontRegistry.swift */; };
		9DA64E17CECB64D0588A9110 /* AppServices.swift in Sources */ = {isa = PBXBuildFile; fileRef = 9EE919FAD36CA5AC89AEC861 /* AppServices.swift */; platformFilters = (macos, ); };
		A4E1B4C563B6482F27B3E7AE /* SidebarSelection.swift in Sources */ = {isa = PBXBuildFile; fileRef = 648F1BD947F2221E3616CC24 /* SidebarSelection.swift */; platformFilters = (macos, ); };
		A6AFC6300AD9C9F662C6BCE0 /* BoardSessionBox.swift in Sources */ = {isa = PBXBuildFile; fileRef = 03F4EC7A40B6A8FAE8629FA1 /* BoardSessionBox.swift */; platformFilters = (macos, ); };
		AE8010717EC3BCB93185B8C3 /* BoardCardView.swift in Sources */ = {isa = PBXBuildFile; fileRef = 0F03EBCDF71261B2E51201D1 /* BoardCardView.swift */; platformFilters = (macos, ); };
		AE9F35059E715B8E5776DD93 /* NanumSquareRoundEB.ttf in Resources */ = {isa = PBXBuildFile; fileRef = 8208066D1C74F68869BF5909 /* NanumSquareRoundEB.ttf */; };
		B547543B28047D674BE2E18F /* SidebarView.swift in Sources */ = {isa = PBXBuildFile; fileRef = 786633AF6FAB07F8719504A1 /* SidebarView.swift */; platformFilters = (macos, ); };
		BB4B19ECB8780F419DFA3ACE /* TableHeader.swift in Sources */ = {isa = PBXBuildFile; fileRef = D1DBD11B33E77A4580CC8FF2 /* TableHeader.swift */; };
		BC713A647294B86A45898ABF /* GuideHeaderBar.swift in Sources */ = {isa = PBXBuildFile; fileRef = A1428C1C9DF33957DF12915D /* GuideHeaderBar.swift */; platformFilters = (macos, ); };
		C6379F2FF1F7323723AC6397 /* GuideEditor.swift in Sources */ = {isa = PBXBuildFile; fileRef = CEEF1F62190715D2269F95AF /* GuideEditor.swift */; platformFilters = (macos, ); };
		CA376468607C6C2C8159BE47 /* RootView.swift in Sources */ = {isa = PBXBuildFile; fileRef = DA82393508D897437A7F5856 /* RootView.swift */; platformFilters = (macos, ); };
		CAE9446A3A4BE6ED82FA2DCA /* UsageGaugeView.swift in Sources */ = {isa = PBXBuildFile; fileRef = E11E635A50DB29E130075B38 /* UsageGaugeView.swift */; platformFilters = (macos, ); };
		D10A29C3803ADF8D5E2CD201 /* OFL.txt in Resources */ = {isa = PBXBuildFile; fileRef = 5EFA63C55AFCFD2F3957B6CE /* OFL.txt */; };
		D3DD134762B554E9BB91285B /* RecentEventsInspector.swift in Sources */ = {isa = PBXBuildFile; fileRef = 10B848F2A827633BD98960A5 /* RecentEventsInspector.swift */; platformFilters = (macos, ); };
		DDE9D86FA9C5AC75BC50F8D9 /* RootInspector.swift in Sources */ = {isa = PBXBuildFile; fileRef = 1F4A7D7AF9C02C92C35E3D73 /* RootInspector.swift */; platformFilters = (macos, ); };
		DE0AB3A437643C60E16F0D6F /* DashboardSearch.swift in Sources */ = {isa = PBXBuildFile; fileRef = 5451E3F0EEC533B30989C6CB /* DashboardSearch.swift */; platformFilters = (macos, ); };
		E6454537E01518C095097133 /* RootView.swift in Sources */ = {isa = PBXBuildFile; fileRef = 2CA506015F36BD8C792F971D /* RootView.swift */; platformFilters = (ios, ); };
		EA1C5C6DE198556E4A1C5115 /* InitWindowController.swift in Sources */ = {isa = PBXBuildFile; fileRef = C4063ED94790ADDCAF7370C1 /* InitWindowController.swift */; platformFilters = (macos, ); };
		EAE8DB67BF14C8DC4D5459D3 /* GuideView.swift in Sources */ = {isa = PBXBuildFile; fileRef = 1C31DE45B2536C9E57E0B79B /* GuideView.swift */; platformFilters = (macos, ); };
		EB1BAD26D6D1B3B7B8E383E5 /* WaypointApp.swift in Sources */ = {isa = PBXBuildFile; fileRef = 4806246D0F1AC28DE90C507A /* WaypointApp.swift */; };
		EBDB3B16B11964D78738CFFC /* TableWidth.swift in Sources */ = {isa = PBXBuildFile; fileRef = 89F36AB1BF7B1426264EAF3E /* TableWidth.swift */; platformFilters = (macos, ); };
		EC091F8610FAEAAACA92C238 /* UsageMonitor.swift in Sources */ = {isa = PBXBuildFile; fileRef = 63A89B6FA1806DF7774BAE65 /* UsageMonitor.swift */; platformFilters = (macos, ); };
		EC5A09AE5A861570A3ACEC27 /* BoardColumnView.swift in Sources */ = {isa = PBXBuildFile; fileRef = 83B5E7102286FAE2A09F9FD6 /* BoardColumnView.swift */; platformFilters = (macos, ); };
		EF122A5B35EE03AF9D3A7179 /* CardHistoryView.swift in Sources */ = {isa = PBXBuildFile; fileRef = 882355B5AEEAAD1B56A6093B /* CardHistoryView.swift */; platformFilters = (macos, ); };
		FC6C73EC6FDF95584A01134B /* MenuBarContent.swift in Sources */ = {isa = PBXBuildFile; fileRef = F3F87927AB65ABF3AEB877F4 /* MenuBarContent.swift */; platformFilters = (macos, ); };
/* End PBXBuildFile section */

/* Begin PBXFileReference section */
		03F4EC7A40B6A8FAE8629FA1 /* BoardSessionBox.swift */ = {isa = PBXFileReference; lastKnownFileType = sourcecode.swift; path = BoardSessionBox.swift; sourceTree = "<group>"; };
		087B3204C74D79283C85C13B /* MarkdownInline.swift */ = {isa = PBXFileReference; lastKnownFileType = sourcecode.swift; path = MarkdownInline.swift; sourceTree = "<group>"; };
		0D73CD7F0A23DD2E40382BE8 /* DashboardView.swift */ = {isa = PBXFileReference; lastKnownFileType = sourcecode.swift; path = DashboardView.swift; sourceTree = "<group>"; };
		0F03EBCDF71261B2E51201D1 /* BoardCardView.swift */ = {isa = PBXFileReference; lastKnownFileType = sourcecode.swift; path = BoardCardView.swift; sourceTree = "<group>"; };
		10953BB751280167D0C7C35D /* RecentEventRow.swift */ = {isa = PBXFileReference; lastKnownFileType = sourcecode.swift; path = RecentEventRow.swift; sourceTree = "<group>"; };
		10B848F2A827633BD98960A5 /* RecentEventsInspector.swift */ = {isa = PBXFileReference; lastKnownFileType = sourcecode.swift; path = RecentEventsInspector.swift; sourceTree = "<group>"; };
		147DD09BAE6889ACD4D2B038 /* NanumSquareRoundL.ttf */ = {isa = PBXFileReference; lastKnownFileType = file; path = NanumSquareRoundL.ttf; sourceTree = "<group>"; };
		156FAE3D89B42EB90C338012 /* CardInspector.swift */ = {isa = PBXFileReference; lastKnownFileType = sourcecode.swift; path = CardInspector.swift; sourceTree = "<group>"; };
		1B5C68F1762AE0ED6284C1FB /* GuideReader.swift */ = {isa = PBXFileReference; lastKnownFileType = sourcecode.swift; path = GuideReader.swift; sourceTree = "<group>"; };
		1C31DE45B2536C9E57E0B79B /* GuideView.swift */ = {isa = PBXFileReference; lastKnownFileType = sourcecode.swift; path = GuideView.swift; sourceTree = "<group>"; };
		1F3B60D09C1EDAC5EC81AA0E /* CardInspectorLists.swift */ = {isa = PBXFileReference; lastKnownFileType = sourcecode.swift; path = CardInspectorLists.swift; sourceTree = "<group>"; };
		1F4A7D7AF9C02C92C35E3D73 /* RootInspector.swift */ = {isa = PBXFileReference; lastKnownFileType = sourcecode.swift; path = RootInspector.swift; sourceTree = "<group>"; };
		24E0447C0C3D3564FA361133 /* GuideVersionSheet.swift */ = {isa = PBXFileReference; lastKnownFileType = sourcecode.swift; path = GuideVersionSheet.swift; sourceTree = "<group>"; };
		2CA506015F36BD8C792F971D /* RootView.swift */ = {isa = PBXFileReference; lastKnownFileType = sourcecode.swift; path = RootView.swift; sourceTree = "<group>"; };
		2EF3CC91475AFCB54D6E49BE /* Theme.swift */ = {isa = PBXFileReference; lastKnownFileType = sourcecode.swift; path = Theme.swift; sourceTree = "<group>"; };
		3C30269DEA92A22D30679441 /* GuideInspector.swift */ = {isa = PBXFileReference; lastKnownFileType = sourcecode.swift; path = GuideInspector.swift; sourceTree = "<group>"; };
		3F3BE9B8CD1A8C96EBD9A09E /* waypoint */ = {isa = PBXFileReference; lastKnownFileType = folder; name = waypoint; path = .; sourceTree = SOURCE_ROOT; };
		3F79E43D0AD5525DEAADCE1F /* CardDetailView.swift */ = {isa = PBXFileReference; lastKnownFileType = sourcecode.swift; path = CardDetailView.swift; sourceTree = "<group>"; };
		4806246D0F1AC28DE90C507A /* WaypointApp.swift */ = {isa = PBXFileReference; lastKnownFileType = sourcecode.swift; path = WaypointApp.swift; sourceTree = "<group>"; };
		513714242E8675B19C5134DA /* ActiveWorkRowView.swift */ = {isa = PBXFileReference; lastKnownFileType = sourcecode.swift; path = ActiveWorkRowView.swift; sourceTree = "<group>"; };
		5451E3F0EEC533B30989C6CB /* DashboardSearch.swift */ = {isa = PBXFileReference; lastKnownFileType = sourcecode.swift; path = DashboardSearch.swift; sourceTree = "<group>"; };
		5A86041D8ABF749C806E93C1 /* CardCriteriaView.swift */ = {isa = PBXFileReference; lastKnownFileType = sourcecode.swift; path = CardCriteriaView.swift; sourceTree = "<group>"; };
		5EFA63C55AFCFD2F3957B6CE /* OFL.txt */ = {isa = PBXFileReference; lastKnownFileType = text; path = OFL.txt; sourceTree = "<group>"; };
		60588B3D4D8F4FFA5A1DE9AE /* InitFields.swift */ = {isa = PBXFileReference; lastKnownFileType = sourcecode.swift; path = InitFields.swift; sourceTree = "<group>"; };
		63A89B6FA1806DF7774BAE65 /* UsageMonitor.swift */ = {isa = PBXFileReference; lastKnownFileType = sourcecode.swift; path = UsageMonitor.swift; sourceTree = "<group>"; };
		648F1BD947F2221E3616CC24 /* SidebarSelection.swift */ = {isa = PBXFileReference; lastKnownFileType = sourcecode.swift; path = SidebarSelection.swift; sourceTree = "<group>"; };
		7579DAE684178D0E8821A0EE /* NanumSquareRoundB.ttf */ = {isa = PBXFileReference; lastKnownFileType = file; path = NanumSquareRoundB.ttf; sourceTree = "<group>"; };
		7589B21E222DC5DBB867A617 /* MarkdownBlockView.swift */ = {isa = PBXFileReference; lastKnownFileType = sourcecode.swift; path = MarkdownBlockView.swift; sourceTree = "<group>"; };
		786633AF6FAB07F8719504A1 /* SidebarView.swift */ = {isa = PBXFileReference; lastKnownFileType = sourcecode.swift; path = SidebarView.swift; sourceTree = "<group>"; };
		7B5F681EF62D7092B4EB128F /* InitPathStackRow.swift */ = {isa = PBXFileReference; lastKnownFileType = sourcecode.swift; path = InitPathStackRow.swift; sourceTree = "<group>"; };
		8208066D1C74F68869BF5909 /* NanumSquareRoundEB.ttf */ = {isa = PBXFileReference; lastKnownFileType = file; path = NanumSquareRoundEB.ttf; sourceTree = "<group>"; };
		83B5E7102286FAE2A09F9FD6 /* BoardColumnView.swift */ = {isa = PBXFileReference; lastKnownFileType = sourcecode.swift; path = BoardColumnView.swift; sourceTree = "<group>"; };
		882355B5AEEAAD1B56A6093B /* CardHistoryView.swift */ = {isa = PBXFileReference; lastKnownFileType = sourcecode.swift; path = CardHistoryView.swift; sourceTree = "<group>"; };
		89F36AB1BF7B1426264EAF3E /* TableWidth.swift */ = {isa = PBXFileReference; lastKnownFileType = sourcecode.swift; path = TableWidth.swift; sourceTree = "<group>"; };
		8BF6E481CC8CB742C64E4F3A /* CardDetailHeader.swift */ = {isa = PBXFileReference; lastKnownFileType = sourcecode.swift; path = CardDetailHeader.swift; sourceTree = "<group>"; };
		94EBAFA75014DA1B1767C2DE /* GuideEmptyView.swift */ = {isa = PBXFileReference; lastKnownFileType = sourcecode.swift; path = GuideEmptyView.swift; sourceTree = "<group>"; };
		9EE919FAD36CA5AC89AEC861 /* AppServices.swift */ = {isa = PBXFileReference; lastKnownFileType = sourcecode.swift; path = AppServices.swift; sourceTree = "<group>"; };
		9F453B89102C767601AB4A40 /* CardInspectorSections.swift */ = {isa = PBXFileReference; lastKnownFileType = sourcecode.swift; path = CardInspectorSections.swift; sourceTree = "<group>"; };
		A1428C1C9DF33957DF12915D /* GuideHeaderBar.swift */ = {isa = PBXFileReference; lastKnownFileType = sourcecode.swift; path = GuideHeaderBar.swift; sourceTree = "<group>"; };
		A2D3AC30512B9F9DFB6DC540 /* NanumSquareRoundR.ttf */ = {isa = PBXFileReference; lastKnownFileType = file; path = NanumSquareRoundR.ttf; sourceTree = "<group>"; };
		A34DEBE029DF6C711921EBEC /* FontRegistry.swift */ = {isa = PBXFileReference; lastKnownFileType = sourcecode.swift; path = FontRegistry.swift; sourceTree = "<group>"; };
		A55C4D1900BA2387763F86D8 /* InitChecklists.swift */ = {isa = PBXFileReference; lastKnownFileType = sourcecode.swift; path = InitChecklists.swift; sourceTree = "<group>"; };
		B3905FDAF71CEBAF40695A08 /* ProjectBoardView.swift */ = {isa = PBXFileReference; lastKnownFileType = sourcecode.swift; path = ProjectBoardView.swift; sourceTree = "<group>"; };
		B5B86E6820B9D752F18548D4 /* GuideConflictView.swift */ = {isa = PBXFileReference; lastKnownFileType = sourcecode.swift; path = GuideConflictView.swift; sourceTree = "<group>"; };
		B9DAD89B809522AC369D3FCB /* LiveDot.swift */ = {isa = PBXFileReference; lastKnownFileType = sourcecode.swift; path = LiveDot.swift; sourceTree = "<group>"; };
		BA0E993CFF4FC1F5EB46A65E /* Waypoint.app */ = {isa = PBXFileReference; includeInIndex = 0; lastKnownFileType = wrapper.application; path = Waypoint.app; sourceTree = BUILT_PRODUCTS_DIR; };
		C4063ED94790ADDCAF7370C1 /* InitWindowController.swift */ = {isa = PBXFileReference; lastKnownFileType = sourcecode.swift; path = InitWindowController.swift; sourceTree = "<group>"; };
		CA3ED573EF850C456FF91A39 /* SidebarProjectParts.swift */ = {isa = PBXFileReference; lastKnownFileType = sourcecode.swift; path = SidebarProjectParts.swift; sourceTree = "<group>"; };
		CEEF1F62190715D2269F95AF /* GuideEditor.swift */ = {isa = PBXFileReference; lastKnownFileType = sourcecode.swift; path = GuideEditor.swift; sourceTree = "<group>"; };
		D1C3491F0AD321EA7D4856FD /* ProjectTable.swift */ = {isa = PBXFileReference; lastKnownFileType = sourcecode.swift; path = ProjectTable.swift; sourceTree = "<group>"; };
		D1DBD11B33E77A4580CC8FF2 /* TableHeader.swift */ = {isa = PBXFileReference; lastKnownFileType = sourcecode.swift; path = TableHeader.swift; sourceTree = "<group>"; };
		DA82393508D897437A7F5856 /* RootView.swift */ = {isa = PBXFileReference; lastKnownFileType = sourcecode.swift; path = RootView.swift; sourceTree = "<group>"; };
		E11E635A50DB29E130075B38 /* UsageGaugeView.swift */ = {isa = PBXFileReference; lastKnownFileType = sourcecode.swift; path = UsageGaugeView.swift; sourceTree = "<group>"; };
		EDF1E559044FBEEDD8FBB180 /* InitSheetView.swift */ = {isa = PBXFileReference; lastKnownFileType = sourcecode.swift; path = InitSheetView.swift; sourceTree = "<group>"; };
		F3F87927AB65ABF3AEB877F4 /* MenuBarContent.swift */ = {isa = PBXFileReference; lastKnownFileType = sourcecode.swift; path = MenuBarContent.swift; sourceTree = "<group>"; };
		F7B2D45D42FB21487B5942FA /* GuideMonitor.swift */ = {isa = PBXFileReference; lastKnownFileType = sourcecode.swift; path = GuideMonitor.swift; sourceTree = "<group>"; };
		F9707BBA1A140671895B23A3 /* GuideAddMenu.swift */ = {isa = PBXFileReference; lastKnownFileType = sourcecode.swift; path = GuideAddMenu.swift; sourceTree = "<group>"; };
		FA032F9625A0461F3B07231C /* ActiveWorkTable.swift */ = {isa = PBXFileReference; lastKnownFileType = sourcecode.swift; path = ActiveWorkTable.swift; sourceTree = "<group>"; };
/* End PBXFileReference section */

/* Begin PBXFrameworksBuildPhase section */
		D4A0FA02D8337ADD179DD66A /* Frameworks */ = {
			isa = PBXFrameworksBuildPhase;
			buildActionMask = 2147483647;
			files = (
				40B9BBAE36C499828E03B0CF /* WaypointKit in Frameworks */,
			);
			runOnlyForDeploymentPostprocessing = 0;
		};
/* End PBXFrameworksBuildPhase section */

/* Begin PBXGroup section */
		07F427DBEB282E23B44EFB60 /* Card */ = {
			isa = PBXGroup;
			children = (
				5A86041D8ABF749C806E93C1 /* CardCriteriaView.swift */,
				8BF6E481CC8CB742C64E4F3A /* CardDetailHeader.swift */,
				3F79E43D0AD5525DEAADCE1F /* CardDetailView.swift */,
				882355B5AEEAAD1B56A6093B /* CardHistoryView.swift */,
				156FAE3D89B42EB90C338012 /* CardInspector.swift */,
				1F3B60D09C1EDAC5EC81AA0E /* CardInspectorLists.swift */,
				9F453B89102C767601AB4A40 /* CardInspectorSections.swift */,
			);
			path = Card;
			sourceTree = "<group>";
		};
		39CB0E3802EDDB96C624604C /* Fonts */ = {
			isa = PBXGroup;
			children = (
				7579DAE684178D0E8821A0EE /* NanumSquareRoundB.ttf */,
				8208066D1C74F68869BF5909 /* NanumSquareRoundEB.ttf */,
				147DD09BAE6889ACD4D2B038 /* NanumSquareRoundL.ttf */,
				A2D3AC30512B9F9DFB6DC540 /* NanumSquareRoundR.ttf */,
				5EFA63C55AFCFD2F3957B6CE /* OFL.txt */,
			);
			path = Fonts;
			sourceTree = "<group>";
		};
		3A7752C68997E698D796DE68 /* Guide */ = {
			isa = PBXGroup;
			children = (
				F9707BBA1A140671895B23A3 /* GuideAddMenu.swift */,
				B5B86E6820B9D752F18548D4 /* GuideConflictView.swift */,
				CEEF1F62190715D2269F95AF /* GuideEditor.swift */,
				94EBAFA75014DA1B1767C2DE /* GuideEmptyView.swift */,
				A1428C1C9DF33957DF12915D /* GuideHeaderBar.swift */,
				3C30269DEA92A22D30679441 /* GuideInspector.swift */,
				F7B2D45D42FB21487B5942FA /* GuideMonitor.swift */,
				1B5C68F1762AE0ED6284C1FB /* GuideReader.swift */,
				24E0447C0C3D3564FA361133 /* GuideVersionSheet.swift */,
				1C31DE45B2536C9E57E0B79B /* GuideView.swift */,
				7589B21E222DC5DBB867A617 /* MarkdownBlockView.swift */,
				087B3204C74D79283C85C13B /* MarkdownInline.swift */,
			);
			path = Guide;
			sourceTree = "<group>";
		};
		3DE652F447DAB890DB9FC8C1 /* macOS */ = {
			isa = PBXGroup;
			children = (
				1F4A7D7AF9C02C92C35E3D73 /* RootInspector.swift */,
				DA82393508D897437A7F5856 /* RootView.swift */,
				CA3ED573EF850C456FF91A39 /* SidebarProjectParts.swift */,
				648F1BD947F2221E3616CC24 /* SidebarSelection.swift */,
				786633AF6FAB07F8719504A1 /* SidebarView.swift */,
				45E859AC335C0B56DDA63F4D /* Board */,
				07F427DBEB282E23B44EFB60 /* Card */,
				4A706F8106B2327F69946D7C /* Dashboard */,
				3A7752C68997E698D796DE68 /* Guide */,
				A93124FDEF13185FCE40FA72 /* Init */,
				9AD13A9C19AE151779A25A60 /* MenuBar */,
				D375A5968A791C220749573E /* Usage */,
			);
			path = macOS;
			sourceTree = "<group>";
		};
		44C4D493A61ABEE311DCBB83 /* Components */ = {
			isa = PBXGroup;
			children = (
				B9DAD89B809522AC369D3FCB /* LiveDot.swift */,
				D1DBD11B33E77A4580CC8FF2 /* TableHeader.swift */,
			);
			path = Components;
			sourceTree = "<group>";
		};
		45E859AC335C0B56DDA63F4D /* Board */ = {
			isa = PBXGroup;
			children = (
				0F03EBCDF71261B2E51201D1 /* BoardCardView.swift */,
				83B5E7102286FAE2A09F9FD6 /* BoardColumnView.swift */,
				03F4EC7A40B6A8FAE8629FA1 /* BoardSessionBox.swift */,
				B3905FDAF71CEBAF40695A08 /* ProjectBoardView.swift */,
			);
			path = Board;
			sourceTree = "<group>";
		};
		48DBDF277774A48A4A61A668 /* Products */ = {
			isa = PBXGroup;
			children = (
				BA0E993CFF4FC1F5EB46A65E /* Waypoint.app */,
			);
			name = Products;
			sourceTree = "<group>";
		};
		4A706F8106B2327F69946D7C /* Dashboard */ = {
			isa = PBXGroup;
			children = (
				513714242E8675B19C5134DA /* ActiveWorkRowView.swift */,
				FA032F9625A0461F3B07231C /* ActiveWorkTable.swift */,
				5451E3F0EEC533B30989C6CB /* DashboardSearch.swift */,
				0D73CD7F0A23DD2E40382BE8 /* DashboardView.swift */,
				D1C3491F0AD321EA7D4856FD /* ProjectTable.swift */,
				10953BB751280167D0C7C35D /* RecentEventRow.swift */,
				10B848F2A827633BD98960A5 /* RecentEventsInspector.swift */,
				89F36AB1BF7B1426264EAF3E /* TableWidth.swift */,
			);
			path = Dashboard;
			sourceTree = "<group>";
		};
		4E35DD7639881259D9DC5B12 /* App */ = {
			isa = PBXGroup;
			children = (
				A34DEBE029DF6C711921EBEC /* FontRegistry.swift */,
				2EF3CC91475AFCB54D6E49BE /* Theme.swift */,
				4806246D0F1AC28DE90C507A /* WaypointApp.swift */,
				44C4D493A61ABEE311DCBB83 /* Components */,
				39CB0E3802EDDB96C624604C /* Fonts */,
			);
			path = App;
			sourceTree = "<group>";
		};
		5A050900D5A0A9BEC0FD86AF /* Packages */ = {
			isa = PBXGroup;
			children = (
				3F3BE9B8CD1A8C96EBD9A09E /* waypoint */,
			);
			name = Packages;
			sourceTree = "<group>";
		};
		9AD13A9C19AE151779A25A60 /* MenuBar */ = {
			isa = PBXGroup;
			children = (
				9EE919FAD36CA5AC89AEC861 /* AppServices.swift */,
				F3F87927AB65ABF3AEB877F4 /* MenuBarContent.swift */,
			);
			path = MenuBar;
			sourceTree = "<group>";
		};
		A93124FDEF13185FCE40FA72 /* Init */ = {
			isa = PBXGroup;
			children = (
				A55C4D1900BA2387763F86D8 /* InitChecklists.swift */,
				60588B3D4D8F4FFA5A1DE9AE /* InitFields.swift */,
				7B5F681EF62D7092B4EB128F /* InitPathStackRow.swift */,
				EDF1E559044FBEEDD8FBB180 /* InitSheetView.swift */,
				C4063ED94790ADDCAF7370C1 /* InitWindowController.swift */,
			);
			path = Init;
			sourceTree = "<group>";
		};
		B6AF6AAC9701D1D702BCE5A1 /* iOS */ = {
			isa = PBXGroup;
			children = (
				2CA506015F36BD8C792F971D /* RootView.swift */,
			);
			path = iOS;
			sourceTree = "<group>";
		};
		D375A5968A791C220749573E /* Usage */ = {
			isa = PBXGroup;
			children = (
				E11E635A50DB29E130075B38 /* UsageGaugeView.swift */,
				63A89B6FA1806DF7774BAE65 /* UsageMonitor.swift */,
			);
			path = Usage;
			sourceTree = "<group>";
		};
		E6D07D279A9539D3CB3AC7C2 = {
			isa = PBXGroup;
			children = (
				4E35DD7639881259D9DC5B12 /* App */,
				B6AF6AAC9701D1D702BCE5A1 /* iOS */,
				3DE652F447DAB890DB9FC8C1 /* macOS */,
				5A050900D5A0A9BEC0FD86AF /* Packages */,
				48DBDF277774A48A4A61A668 /* Products */,
			);
			sourceTree = "<group>";
		};
/* End PBXGroup section */

/* Begin PBXNativeTarget section */
		C2F92D227913837FFA259593 /* Waypoint */ = {
			isa = PBXNativeTarget;
			buildConfigurationList = 8B18DD62BC49AA7DECA8DB5A /* Build configuration list for PBXNativeTarget "Waypoint" */;
			buildPhases = (
				B3B4E65E85A6C36A0EDE4C8A /* Sources */,
				BBF8D72711C57ADAEE6117C4 /* Resources */,
				D4A0FA02D8337ADD179DD66A /* Frameworks */,
			);
			buildRules = (
			);
			dependencies = (
			);
			name = Waypoint;
			packageProductDependencies = (
				40BCBD52B88D9C65C146385E /* WaypointKit */,
			);
			productName = Waypoint;
			productReference = BA0E993CFF4FC1F5EB46A65E /* Waypoint.app */;
			productType = "com.apple.product-type.application";
		};
/* End PBXNativeTarget section */

/* Begin PBXProject section */
		B33832DCC50BBF6D04EAD6FA /* Project object */ = {
			isa = PBXProject;
			attributes = {
				BuildIndependentTargetsInParallel = YES;
				LastUpgradeCheck = 1430;
				TargetAttributes = {
					C2F92D227913837FFA259593 = {
						ProvisioningStyle = Automatic;
					};
				};
			};
			buildConfigurationList = 61ECA9088B277AB8DAAEB920 /* Build configuration list for PBXProject "Waypoint" */;
			developmentRegion = en;
			hasScannedForEncodings = 0;
			knownRegions = (
				Base,
				en,
			);
			mainGroup = E6D07D279A9539D3CB3AC7C2;
			minimizedProjectReferenceProxies = 1;
			packageReferences = (
				72E210A10BEDF3C6E5C71441 /* XCLocalSwiftPackageReference "." */,
			);
			preferredProjectObjectVersion = 77;
			productRefGroup = 48DBDF277774A48A4A61A668 /* Products */;
			projectDirPath = "";
			projectRoot = "";
			targets = (
				C2F92D227913837FFA259593 /* Waypoint */,
			);
		};
/* End PBXProject section */

/* Begin PBXResourcesBuildPhase section */
		BBF8D72711C57ADAEE6117C4 /* Resources */ = {
			isa = PBXResourcesBuildPhase;
			buildActionMask = 2147483647;
			files = (
				8228932BCA3E371ABBA655AC /* NanumSquareRoundB.ttf in Resources */,
				AE9F35059E715B8E5776DD93 /* NanumSquareRoundEB.ttf in Resources */,
				302718CFFF0EBCE13D5CDA0C /* NanumSquareRoundL.ttf in Resources */,
				26E1CB786EC452F721D1A251 /* NanumSquareRoundR.ttf in Resources */,
				D10A29C3803ADF8D5E2CD201 /* OFL.txt in Resources */,
			);
			runOnlyForDeploymentPostprocessing = 0;
		};
/* End PBXResourcesBuildPhase section */

/* Begin PBXSourcesBuildPhase section */
		B3B4E65E85A6C36A0EDE4C8A /* Sources */ = {
			isa = PBXSourcesBuildPhase;
			buildActionMask = 2147483647;
			files = (
				39D19E54F546D79E86A631EB /* ActiveWorkRowView.swift in Sources */,
				4C601A00D505476E11D1D7A7 /* ActiveWorkTable.swift in Sources */,
				9DA64E17CECB64D0588A9110 /* AppServices.swift in Sources */,
				AE8010717EC3BCB93185B8C3 /* BoardCardView.swift in Sources */,
				EC5A09AE5A861570A3ACEC27 /* BoardColumnView.swift in Sources */,
				A6AFC6300AD9C9F662C6BCE0 /* BoardSessionBox.swift in Sources */,
				918DC6BAC3856EA398646C6E /* CardCriteriaView.swift in Sources */,
				417ADEC51642A897722BF325 /* CardDetailHeader.swift in Sources */,
				8DDDF628EB44D6378567C942 /* CardDetailView.swift in Sources */,
				EF122A5B35EE03AF9D3A7179 /* CardHistoryView.swift in Sources */,
				381513581A9C9D901D66CE33 /* CardInspector.swift in Sources */,
				4286870FC1F3EFFDE22CFC42 /* CardInspectorLists.swift in Sources */,
				483766829586C4679EAE620E /* CardInspectorSections.swift in Sources */,
				DE0AB3A437643C60E16F0D6F /* DashboardSearch.swift in Sources */,
				9257097A562C6AC262C6FCD6 /* DashboardView.swift in Sources */,
				96E1CBB3E7DA3EA349350AEA /* FontRegistry.swift in Sources */,
				791BC9EBA655D7FA9A07B763 /* GuideAddMenu.swift in Sources */,
				157129890D1A3B79ABF3BB1A /* GuideConflictView.swift in Sources */,
				C6379F2FF1F7323723AC6397 /* GuideEditor.swift in Sources */,
				39A9696D87266887CD68F06F /* GuideEmptyView.swift in Sources */,
				BC713A647294B86A45898ABF /* GuideHeaderBar.swift in Sources */,
				31AEACD74CFCC273C5B3249C /* GuideInspector.swift in Sources */,
				3A87FFFFB3F47A87FD8DF0D9 /* GuideMonitor.swift in Sources */,
				066348EEF1E9E22B44507986 /* GuideReader.swift in Sources */,
				1880CFB51BAA6076D0DBDB25 /* GuideVersionSheet.swift in Sources */,
				EAE8DB67BF14C8DC4D5459D3 /* GuideView.swift in Sources */,
				6BF8F5047D1E0882C2152162 /* InitChecklists.swift in Sources */,
				2BF7A1111F6FD51BD017BD1F /* InitFields.swift in Sources */,
				1B152AC5393D77BCB3C9C238 /* InitPathStackRow.swift in Sources */,
				034256713F4A4B1C5389EB99 /* InitSheetView.swift in Sources */,
				EA1C5C6DE198556E4A1C5115 /* InitWindowController.swift in Sources */,
				4BD20823006EE49D488348A7 /* LiveDot.swift in Sources */,
				786DE851725A294441A17554 /* MarkdownBlockView.swift in Sources */,
				8FB4F0D5D0ED1AC61437B10E /* MarkdownInline.swift in Sources */,
				FC6C73EC6FDF95584A01134B /* MenuBarContent.swift in Sources */,
				64DA885EA5000630F5FE0452 /* ProjectBoardView.swift in Sources */,
				2AD411287EF1574FAF303695 /* ProjectTable.swift in Sources */,
				7BCF4AB93F95F3EC62939D07 /* RecentEventRow.swift in Sources */,
				D3DD134762B554E9BB91285B /* RecentEventsInspector.swift in Sources */,
				DDE9D86FA9C5AC75BC50F8D9 /* RootInspector.swift in Sources */,
				CA376468607C6C2C8159BE47 /* RootView.swift in Sources */,
				E6454537E01518C095097133 /* RootView.swift in Sources */,
				4B847A801B308B9C66568B32 /* SidebarProjectParts.swift in Sources */,
				A4E1B4C563B6482F27B3E7AE /* SidebarSelection.swift in Sources */,
				B547543B28047D674BE2E18F /* SidebarView.swift in Sources */,
				BB4B19ECB8780F419DFA3ACE /* TableHeader.swift in Sources */,
				EBDB3B16B11964D78738CFFC /* TableWidth.swift in Sources */,
				4DAAB619BA15440C409EC1FC /* Theme.swift in Sources */,
				CAE9446A3A4BE6ED82FA2DCA /* UsageGaugeView.swift in Sources */,
				EC091F8610FAEAAACA92C238 /* UsageMonitor.swift in Sources */,
				EB1BAD26D6D1B3B7B8E383E5 /* WaypointApp.swift in Sources */,
			);
			runOnlyForDeploymentPostprocessing = 0;
		};
/* End PBXSourcesBuildPhase section */

/* Begin XCBuildConfiguration section */
		05F475883A011F7622EF250E /* Debug */ = {
			isa = XCBuildConfiguration;
			buildSettings = {
				ASSETCATALOG_COMPILER_APPICON_NAME = AppIcon;
				CODE_SIGN_IDENTITY = "iPhone Developer";
				CODE_SIGN_STYLE = Automatic;
				ENABLE_APP_SANDBOX = NO;
				ENABLE_HARDENED_RUNTIME = NO;
				GENERATE_INFOPLIST_FILE = YES;
				INFOPLIST_KEY_CFBundleDisplayName = Waypoint;
				INFOPLIST_KEY_LSApplicationCategoryType = "public.app-category.developer-tools";
				INFOPLIST_KEY_UIApplicationSceneManifest_Generation = YES;
				INFOPLIST_KEY_UILaunchScreen_Generation = YES;
				INFOPLIST_KEY_UISupportedInterfaceOrientations = "UIInterfaceOrientationPortrait UIInterfaceOrientationLandscapeLeft UIInterfaceOrientationLandscapeRight";
				IPHONEOS_DEPLOYMENT_TARGET = 17.0;
				LD_RUNPATH_SEARCH_PATHS = (
					"$(inherited)",
					"@executable_path/Frameworks",
				);
				MACOSX_DEPLOYMENT_TARGET = 14.0;
				PRODUCT_BUNDLE_IDENTIFIER = dev.antaeho.waypoint;
				PRODUCT_NAME = Waypoint;
				SDKROOT = auto;
				SUPPORTED_PLATFORMS = "iphoneos iphonesimulator macosx";
				SUPPORTS_MACCATALYST = NO;
				SUPPORTS_MAC_DESIGNED_FOR_IPHONE_IPAD = NO;
				SUPPORTS_XR_DESIGNED_FOR_IPHONE_IPAD = YES;
				SWIFT_STRICT_CONCURRENCY = complete;
				TARGETED_DEVICE_FAMILY = "1,2";
			};
			name = Debug;
		};
		13E5BFC80E7D1E7E9DF2F585 /* Release */ = {
			isa = XCBuildConfiguration;
			buildSettings = {
				ALWAYS_SEARCH_USER_PATHS = NO;
				CLANG_ANALYZER_NONNULL = YES;
				CLANG_ANALYZER_NUMBER_OBJECT_CONVERSION = YES_AGGRESSIVE;
				CLANG_CXX_LANGUAGE_STANDARD = "gnu++14";
				CLANG_CXX_LIBRARY = "libc++";
				CLANG_ENABLE_MODULES = YES;
				CLANG_ENABLE_OBJC_ARC = YES;
				CLANG_ENABLE_OBJC_WEAK = YES;
				CLANG_WARN_BLOCK_CAPTURE_AUTORELEASING = YES;
				CLANG_WARN_BOOL_CONVERSION = YES;
				CLANG_WARN_COMMA = YES;
				CLANG_WARN_CONSTANT_CONVERSION = YES;
				CLANG_WARN_DEPRECATED_OBJC_IMPLEMENTATIONS = YES;
				CLANG_WARN_DIRECT_OBJC_ISA_USAGE = YES_ERROR;
				CLANG_WARN_DOCUMENTATION_COMMENTS = YES;
				CLANG_WARN_EMPTY_BODY = YES;
				CLANG_WARN_ENUM_CONVERSION = YES;
				CLANG_WARN_INFINITE_RECURSION = YES;
				CLANG_WARN_INT_CONVERSION = YES;
				CLANG_WARN_NON_LITERAL_NULL_CONVERSION = YES;
				CLANG_WARN_OBJC_IMPLICIT_RETAIN_SELF = YES;
				CLANG_WARN_OBJC_LITERAL_CONVERSION = YES;
				CLANG_WARN_OBJC_ROOT_CLASS = YES_ERROR;
				CLANG_WARN_QUOTED_INCLUDE_IN_FRAMEWORK_HEADER = YES;
				CLANG_WARN_RANGE_LOOP_ANALYSIS = YES;
				CLANG_WARN_STRICT_PROTOTYPES = YES;
				CLANG_WARN_SUSPICIOUS_MOVE = YES;
				CLANG_WARN_UNGUARDED_AVAILABILITY = YES_AGGRESSIVE;
				CLANG_WARN_UNREACHABLE_CODE = YES;
				CLANG_WARN__DUPLICATE_METHOD_MATCH = YES;
				COPY_PHASE_STRIP = NO;
				CURRENT_PROJECT_VERSION = 1;
				DEBUG_INFORMATION_FORMAT = "dwarf-with-dsym";
				ENABLE_NS_ASSERTIONS = NO;
				ENABLE_STRICT_OBJC_MSGSEND = YES;
				GCC_C_LANGUAGE_STANDARD = gnu11;
				GCC_NO_COMMON_BLOCKS = YES;
				GCC_WARN_64_TO_32_BIT_CONVERSION = YES;
				GCC_WARN_ABOUT_RETURN_TYPE = YES_ERROR;
				GCC_WARN_UNDECLARED_SELECTOR = YES;
				GCC_WARN_UNINITIALIZED_AUTOS = YES_AGGRESSIVE;
				GCC_WARN_UNUSED_FUNCTION = YES;
				GCC_WARN_UNUSED_VARIABLE = YES;
				IPHONEOS_DEPLOYMENT_TARGET = 17.0;
				MACOSX_DEPLOYMENT_TARGET = 14.0;
				MARKETING_VERSION = 0.0.1;
				MTL_ENABLE_DEBUG_INFO = NO;
				MTL_FAST_MATH = YES;
				PRODUCT_NAME = "$(TARGET_NAME)";
				SDKROOT = auto;
				SWIFT_COMPILATION_MODE = wholemodule;
				SWIFT_OPTIMIZATION_LEVEL = "-O";
				SWIFT_VERSION = 6;
			};
			name = Release;
		};
		6EA31810FE5E670CD297FDC3 /* Debug */ = {
			isa = XCBuildConfiguration;
			buildSettings = {
				ALWAYS_SEARCH_USER_PATHS = NO;
				CLANG_ANALYZER_NONNULL = YES;
				CLANG_ANALYZER_NUMBER_OBJECT_CONVERSION = YES_AGGRESSIVE;
				CLANG_CXX_LANGUAGE_STANDARD = "gnu++14";
				CLANG_CXX_LIBRARY = "libc++";
				CLANG_ENABLE_MODULES = YES;
				CLANG_ENABLE_OBJC_ARC = YES;
				CLANG_ENABLE_OBJC_WEAK = YES;
				CLANG_WARN_BLOCK_CAPTURE_AUTORELEASING = YES;
				CLANG_WARN_BOOL_CONVERSION = YES;
				CLANG_WARN_COMMA = YES;
				CLANG_WARN_CONSTANT_CONVERSION = YES;
				CLANG_WARN_DEPRECATED_OBJC_IMPLEMENTATIONS = YES;
				CLANG_WARN_DIRECT_OBJC_ISA_USAGE = YES_ERROR;
				CLANG_WARN_DOCUMENTATION_COMMENTS = YES;
				CLANG_WARN_EMPTY_BODY = YES;
				CLANG_WARN_ENUM_CONVERSION = YES;
				CLANG_WARN_INFINITE_RECURSION = YES;
				CLANG_WARN_INT_CONVERSION = YES;
				CLANG_WARN_NON_LITERAL_NULL_CONVERSION = YES;
				CLANG_WARN_OBJC_IMPLICIT_RETAIN_SELF = YES;
				CLANG_WARN_OBJC_LITERAL_CONVERSION = YES;
				CLANG_WARN_OBJC_ROOT_CLASS = YES_ERROR;
				CLANG_WARN_QUOTED_INCLUDE_IN_FRAMEWORK_HEADER = YES;
				CLANG_WARN_RANGE_LOOP_ANALYSIS = YES;
				CLANG_WARN_STRICT_PROTOTYPES = YES;
				CLANG_WARN_SUSPICIOUS_MOVE = YES;
				CLANG_WARN_UNGUARDED_AVAILABILITY = YES_AGGRESSIVE;
				CLANG_WARN_UNREACHABLE_CODE = YES;
				CLANG_WARN__DUPLICATE_METHOD_MATCH = YES;
				COPY_PHASE_STRIP = NO;
				CURRENT_PROJECT_VERSION = 1;
				DEBUG_INFORMATION_FORMAT = dwarf;
				ENABLE_STRICT_OBJC_MSGSEND = YES;
				ENABLE_TESTABILITY = YES;
				GCC_C_LANGUAGE_STANDARD = gnu11;
				GCC_DYNAMIC_NO_PIC = NO;
				GCC_NO_COMMON_BLOCKS = YES;
				GCC_OPTIMIZATION_LEVEL = 0;
				GCC_PREPROCESSOR_DEFINITIONS = (
					"$(inherited)",
					"DEBUG=1",
				);
				GCC_WARN_64_TO_32_BIT_CONVERSION = YES;
				GCC_WARN_ABOUT_RETURN_TYPE = YES_ERROR;
				GCC_WARN_UNDECLARED_SELECTOR = YES;
				GCC_WARN_UNINITIALIZED_AUTOS = YES_AGGRESSIVE;
				GCC_WARN_UNUSED_FUNCTION = YES;
				GCC_WARN_UNUSED_VARIABLE = YES;
				IPHONEOS_DEPLOYMENT_TARGET = 17.0;
				MACOSX_DEPLOYMENT_TARGET = 14.0;
				MARKETING_VERSION = 0.0.1;
				MTL_ENABLE_DEBUG_INFO = INCLUDE_SOURCE;
				MTL_FAST_MATH = YES;
				ONLY_ACTIVE_ARCH = YES;
				PRODUCT_NAME = "$(TARGET_NAME)";
				SDKROOT = auto;
				SWIFT_ACTIVE_COMPILATION_CONDITIONS = DEBUG;
				SWIFT_OPTIMIZATION_LEVEL = "-Onone";
				SWIFT_VERSION = 6;
			};
			name = Debug;
		};
		6F9A13B39241EEE5657B338E /* Release */ = {
			isa = XCBuildConfiguration;
			buildSettings = {
				ASSETCATALOG_COMPILER_APPICON_NAME = AppIcon;
				CODE_SIGN_IDENTITY = "iPhone Developer";
				CODE_SIGN_STYLE = Automatic;
				ENABLE_APP_SANDBOX = NO;
				ENABLE_HARDENED_RUNTIME = NO;
				GENERATE_INFOPLIST_FILE = YES;
				INFOPLIST_KEY_CFBundleDisplayName = Waypoint;
				INFOPLIST_KEY_LSApplicationCategoryType = "public.app-category.developer-tools";
				INFOPLIST_KEY_UIApplicationSceneManifest_Generation = YES;
				INFOPLIST_KEY_UILaunchScreen_Generation = YES;
				INFOPLIST_KEY_UISupportedInterfaceOrientations = "UIInterfaceOrientationPortrait UIInterfaceOrientationLandscapeLeft UIInterfaceOrientationLandscapeRight";
				IPHONEOS_DEPLOYMENT_TARGET = 17.0;
				LD_RUNPATH_SEARCH_PATHS = (
					"$(inherited)",
					"@executable_path/Frameworks",
				);
				MACOSX_DEPLOYMENT_TARGET = 14.0;
				PRODUCT_BUNDLE_IDENTIFIER = dev.antaeho.waypoint;
				PRODUCT_NAME = Waypoint;
				SDKROOT = auto;
				SUPPORTED_PLATFORMS = "iphoneos iphonesimulator macosx";
				SUPPORTS_MACCATALYST = NO;
				SUPPORTS_MAC_DESIGNED_FOR_IPHONE_IPAD = NO;
				SUPPORTS_XR_DESIGNED_FOR_IPHONE_IPAD = YES;
				SWIFT_STRICT_CONCURRENCY = complete;
				TARGETED_DEVICE_FAMILY = "1,2";
			};
			name = Release;
		};
/* End XCBuildConfiguration section */

/* Begin XCConfigurationList section */
		61ECA9088B277AB8DAAEB920 /* Build configuration list for PBXProject "Waypoint" */ = {
			isa = XCConfigurationList;
			buildConfigurations = (
				6EA31810FE5E670CD297FDC3 /* Debug */,
				13E5BFC80E7D1E7E9DF2F585 /* Release */,
			);
			defaultConfigurationIsVisible = 0;
			defaultConfigurationName = Debug;
		};
		8B18DD62BC49AA7DECA8DB5A /* Build configuration list for PBXNativeTarget "Waypoint" */ = {
			isa = XCConfigurationList;
			buildConfigurations = (
				05F475883A011F7622EF250E /* Debug */,
				6F9A13B39241EEE5657B338E /* Release */,
			);
			defaultConfigurationIsVisible = 0;
			defaultConfigurationName = Debug;
		};
/* End XCConfigurationList section */

/* Begin XCLocalSwiftPackageReference section */
		72E210A10BEDF3C6E5C71441 /* XCLocalSwiftPackageReference "." */ = {
			isa = XCLocalSwiftPackageReference;
			relativePath = .;
		};
/* End XCLocalSwiftPackageReference section */

/* Begin XCSwiftPackageProductDependency section */
		40BCBD52B88D9C65C146385E /* WaypointKit */ = {
			isa = XCSwiftPackageProductDependency;
			productName = WaypointKit;
		};
/* End XCSwiftPackageProductDependency section */
	};
	rootObject = B33832DCC50BBF6D04EAD6FA /* Project object */;
}
